
Microsoft Visual Studio Solution File, Format Version 12.00
# Visual Studio 15
VisualStudioVersion = 15.0.26730.16
MinimumVisualStudioVersion = 10.0.40219.1
Project("{FAE04EC0-301F-11D3-BF4B-00C04F79EFBC}") = "Koten-bu.WebAPI", "Koten-bu.WebAPI\Koten-bu.WebAPI.csproj", "{09344CA2-DDB4-4BA8-BE1E-FA0FB801331F}"
EndProject
Project("{FAE04EC0-301F-11D3-BF4B-00C04F79EFBC}") = "Koten-bu.Model", "Koten-bu.Model\Koten-bu.Model.csproj", "{375FB494-523E-4266-A653-365171F92134}"
EndProject
Project("{FAE04EC0-301F-11D3-BF4B-00C04F79EFBC}") = "Koten-bu.Manager", "Koten-bu.Manager\Koten-bu.Manager.csproj", "{3EDD53E5-5A6D-4C0E-A29F-13A2EE292926}"
EndProject
Project("{FAE04EC0-301F-11D3-BF4B-00C04F79EFBC}") = "Koten-bu.DAL", "Koten-bu.DAL\Koten-bu.DAL.csproj", "{08855D4C-0B60-4071-BDCA-6F3DF8D2D4F7}"
EndProject
Project("{FAE04EC0-301F-11D3-BF4B-00C04F79EFBC}") = "Koten-bu.Common", "Koten-bu.Common\Koten-bu.Common.csproj", "{A0087D8A-C283-46AB-B4A7-5782EE62EFB3}"
EndProject
Project("{FAE04EC0-301F-11D3-BF4B-00C04F79EFBC}") = "Koten-bu.CommonTests", "Koten-bu.CommonTests\Koten-bu.CommonTests.csproj", "{0F496AAC-94AC-4CE9-9986-BE602D05D0ED}"
EndProject
Project("{FAE04EC0-301F-11D3-BF4B-00C04F79EFBC}") = "Koten-bu.DALTests", "Koten-bu.DALTests\Koten-bu.DALTests.csproj", "{886B5C8F-E3EB-433C-A7AF-3644DB1327BD}"
EndProject
Project("{FAE04EC0-301F-11D3-BF4B-00C04F79EFBC}") = "Koten-bu.ManagerTests", "Koten-bu.ManagerTests\Koten-bu.ManagerTests.csproj", "{6383C3BC-357E-4073-9777-4CD3E54479D3}"
EndProject
Project("{FAE04EC0-301F-11D3-BF4B-00C04F79EFBC}") = "Koten-bu.ModelTests", "Koten-bu.ModelTests\Koten-bu.ModelTests.csproj", "{83E516CB-1561-4CCC-92E2-C2699D730DCD}"
EndProject
Project("{FAE04EC0-301F-11D3-BF4B-00C04F79EFBC}") = "Koten-bu.WebApp", "Koten-bu.WebApp\Koten-bu.WebApp.csproj", "{CE02A98E-CFA4-43D7-8F7E-CFA556D2AACC}"
EndProject
Project("{FAE04EC0-301F-11D3-BF4B-00C04F79EFBC}") = "Koten-bu.WebManager", "Koten-bu.WebManager\Koten-bu.WebManager.csproj", "{38AF3BE0-E9B8-440C-AF05-2F623FC3A6B6}"
EndProject
Project("{FAE04EC0-301F-11D3-BF4B-00C04F79EFBC}") = "Koten-bu.WebPC", "Koten-bu.WebPC\Koten-bu.WebPC.csproj", "{E3B9D6C2-2376-4B53-92A3-1E276A4FE017}"
EndProject
Project("{FAE04EC0-301F-11D3-BF4B-00C04F79EFBC}") = "Koten-bu.WebAPP.Html", "Koten-bu.WebAPP.Html\Koten-bu.WebAPP.Html.csproj", "{7D241F19-860A-4542-B39D-E9E32625CD61}"
EndProject
Project("{FAE04EC0-301F-11D3-BF4B-00C04F79EFBC}") = "Koten-bu.WebPC.Html", "Koten-bu.WebPC.Html\Koten-bu.WebPC.Html.csproj", "{A98D09B3-B5B7-4D79-B6F1-C5F69CF1BD4F}"
EndProject
Project("{FAE04EC0-301F-11D3-BF4B-00C04F79EFBC}") = "Koten-bu.WebManager.Html", "Koten-bu.WebManager.Html\Koten-bu.WebManager.Html.csproj", "{A0F3BC54-307B-48D8-A129-FCBAA087C1CC}"
EndProject
Project("{FAE04EC0-301F-11D3-BF4B-00C04F79EFBC}") = "Koten-bu.WX", "Koten-bu.WX\Koten-bu.WX.csproj", "{8592621C-A9EA-49BD-AE0E-3068A1DF8D83}"
EndProject
Global
	GlobalSection(SolutionConfigurationPlatforms) = preSolution
		Debug|Any CPU = Debug|Any CPU
		Release|Any CPU = Release|Any CPU
	EndGlobalSection
	GlobalSection(ProjectConfigurationPlatforms) = postSolution
		{09344CA2-DDB4-4BA8-BE1E-FA0FB801331F}.Debug|Any CPU.ActiveCfg = Debug|Any CPU
		{09344CA2-DDB4-4BA8-BE1E-FA0FB801331F}.Debug|Any CPU.Build.0 = Debug|Any CPU
		{09344CA2-DDB4-4BA8-BE1E-FA0FB801331F}.Release|Any CPU.ActiveCfg = Release|Any CPU
		{09344CA2-DDB4-4BA8-BE1E-FA0FB801331F}.Release|Any CPU.Build.0 = Release|Any CPU
		{375FB494-523E-4266-A653-365171F92134}.Debug|Any CPU.ActiveCfg = Debug|Any CPU
		{375FB494-523E-4266-A653-365171F92134}.Debug|Any CPU.Build.0 = Debug|Any CPU
		{375FB494-523E-4266-A653-365171F92134}.Release|Any CPU.ActiveCfg = Release|Any CPU
		{375FB494-523E-4266-A653-365171F92134}.Release|Any CPU.Build.0 = Release|Any CPU
		{3EDD53E5-5A6D-4C0E-A29F-13A2EE292926}.Debug|Any CPU.ActiveCfg = Debug|Any CPU
		{3EDD53E5-5A6D-4C0E-A29F-13A2EE292926}.Debug|Any CPU.Build.0 = Debug|Any CPU
		{3EDD53E5-5A6D-4C0E-A29F-13A2EE292926}.Release|Any CPU.ActiveCfg = Release|Any CPU
		{3EDD53E5-5A6D-4C0E-A29F-13A2EE292926}.Release|Any CPU.Build.0 = Release|Any CPU
		{08855D4C-0B60-4071-BDCA-6F3DF8D2D4F7}.Debug|Any CPU.ActiveCfg = Debug|Any CPU
		{08855D4C-0B60-4071-BDCA-6F3DF8D2D4F7}.Debug|Any CPU.Build.0 = Debug|Any CPU
		{08855D4C-0B60-4071-BDCA-6F3DF8D2D4F7}.Release|Any CPU.ActiveCfg = Release|Any CPU
		{08855D4C-0B60-4071-BDCA-6F3DF8D2D4F7}.Release|Any CPU.Build.0 = Release|Any CPU
		{A0087D8A-C283-46AB-B4A7-5782EE62EFB3}.Debug|Any CPU.ActiveCfg = Debug|Any CPU
		{A0087D8A-C283-46AB-B4A7-5782EE62EFB3}.Debug|Any CPU.Build.0 = Debug|Any CPU
		{A0087D8A-C283-46AB-B4A7-5782EE62EFB3}.Release|Any CPU.ActiveCfg = Release|Any CPU
		{A0087D8A-C283-46AB-B4A7-5782EE62EFB3}.Release|Any CPU.Build.0 = Release|Any CPU
		{0F496AAC-94AC-4CE9-9986-BE602D05D0ED}.Debug|Any CPU.ActiveCfg = Debug|Any CPU
		{0F496AAC-94AC-4CE9-9986-BE602D05D0ED}.Debug|Any CPU.Build.0 = Debug|Any CPU
		{0F496AAC-94AC-4CE9-9986-BE602D05D0ED}.Release|Any CPU.ActiveCfg = Release|Any CPU
		{0F496AAC-94AC-4CE9-9986-BE602D05D0ED}.Release|Any CPU.Build.0 = Release|Any CPU
		{886B5C8F-E3EB-433C-A7AF-3644DB1327BD}.Debug|Any CPU.ActiveCfg = Debug|Any CPU
		{886B5C8F-E3EB-433C-A7AF-3644DB1327BD}.Debug|Any CPU.Build.0 = Debug|Any CPU
		{886B5C8F-E3EB-433C-A7AF-3644DB1327BD}.Release|Any CPU.ActiveCfg = Release|Any CPU
		{886B5C8F-E3EB-433C-A7AF-3644DB1327BD}.Release|Any CPU.Build.0 = Release|Any CPU
		{6383C3BC-357E-4073-9777-4CD3E54479D3}.Debug|Any CPU.ActiveCfg = Debug|Any CPU
		{6383C3BC-357E-4073-9777-4CD3E54479D3}.Debug|Any CPU.Build.0 = Debug|Any CPU
		{6383C3BC-357E-4073-9777-4CD3E54479D3}.Release|Any CPU.ActiveCfg = Release|Any CPU
		{6383C3BC-357E-4073-9777-4CD3E54479D3}.Release|Any CPU.Build.0 = Release|Any CPU
		{83E516CB-1561-4CCC-92E2-C2699D730DCD}.Debug|Any CPU.ActiveCfg = Debug|Any CPU
		{83E516CB-1561-4CCC-92E2-C2699D730DCD}.Debug|Any CPU.Build.0 = Debug|Any CPU
		{83E516CB-1561-4CCC-92E2-C2699D730DCD}.Release|Any CPU.ActiveCfg = Release|Any CPU
		{83E516CB-1561-4CCC-92E2-C2699D730DCD}.Release|Any CPU.Build.0 = Release|Any CPU
		{CE02A98E-CFA4-43D7-8F7E-CFA556D2AACC}.Debug|Any CPU.ActiveCfg = Debug|Any CPU
		{CE02A98E-CFA4-43D7-8F7E-CFA556D2AACC}.Debug|Any CPU.Build.0 = Debug|Any CPU
		{CE02A98E-CFA4-43D7-8F7E-CFA556D2AACC}.Release|Any CPU.ActiveCfg = Release|Any CPU
		{CE02A98E-CFA4-43D7-8F7E-CFA556D2AACC}.Release|Any CPU.Build.0 = Release|Any CPU
		{38AF3BE0-E9B8-440C-AF05-2F623FC3A6B6}.Debug|Any CPU.ActiveCfg = Debug|Any CPU
		{38AF3BE0-E9B8-440C-AF05-2F623FC3A6B6}.Debug|Any CPU.Build.0 = Debug|Any CPU
		{38AF3BE0-E9B8-440C-AF05-2F623FC3A6B6}.Release|Any CPU.ActiveCfg = Release|Any CPU
		{38AF3BE0-E9B8-440C-AF05-2F623FC3A6B6}.Release|Any CPU.Build.0 = Release|Any CPU
		{E3B9D6C2-2376-4B53-92A3-1E276A4FE017}.Debug|Any CPU.ActiveCfg = Debug|Any CPU
		{E3B9D6C2-2376-4B53-92A3-1E276A4FE017}.Debug|Any CPU.Build.0 = Debug|Any CPU
		{E3B9D6C2-2376-4B53-92A3-1E276A4FE017}.Release|Any CPU.ActiveCfg = Release|Any CPU
		{E3B9D6C2-2376-4B53-92A3-1E276A4FE017}.Release|Any CPU.Build.0 = Release|Any CPU
		{7D241F19-860A-4542-B39D-E9E32625CD61}.Debug|Any CPU.ActiveCfg = Debug|Any CPU
		{7D241F19-860A-4542-B39D-E9E32625CD61}.Debug|Any CPU.Build.0 = Debug|Any CPU
		{7D241F19-860A-4542-B39D-E9E32625CD61}.Release|Any CPU.ActiveCfg = Release|Any CPU
		{7D241F19-860A-4542-B39D-E9E32625CD61}.Release|Any CPU.Build.0 = Release|Any CPU
		{A98D09B3-B5B7-4D79-B6F1-C5F69CF1BD4F}.Debug|Any CPU.ActiveCfg = Debug|Any CPU
		{A98D09B3-B5B7-4D79-B6F1-C5F69CF1BD4F}.Debug|Any CPU.Build.0 = Debug|Any CPU
		{A98D09B3-B5B7-4D79-B6F1-C5F69CF1BD4F}.Release|Any CPU.ActiveCfg = Release|Any CPU
		{A98D09B3-B5B7-4D79-B6F1-C5F69CF1BD4F}.Release|Any CPU.Build.0 = Release|Any CPU
		{A0F3BC54-307B-48D8-A129-FCBAA087C1CC}.Debug|Any CPU.ActiveCfg = Debug|Any CPU
		{A0F3BC54-307B-48D8-A129-FCBAA087C1CC}.Debug|Any CPU.Build.0 = Debug|Any CPU
		{A0F3BC54-307B-48D8-A129-FCBAA087C1CC}.Release|Any CPU.ActiveCfg = Release|Any CPU
		{A0F3BC54-307B-48D8-A129-FCBAA087C1CC}.Release|Any CPU.Build.0 = Release|Any CPU
		{8592621C-A9EA-49BD-AE0E-3068A1DF8D83}.Debug|Any CPU.ActiveCfg = Debug|Any CPU
		{8592621C-A9EA-49BD-AE0E-3068A1DF8D83}.Debug|Any CPU.Build.0 = Debug|Any CPU
		{8592621C-A9EA-49BD-AE0E-3068A1DF8D83}.Release|Any CPU.ActiveCfg = Release|Any CPU
		{8592621C-A9EA-49BD-AE0E-3068A1DF8D83}.Release|Any CPU.Build.0 = Release|Any CPU
	EndGlobalSection
	GlobalSection(SolutionProperties) = preSolution
		HideSolutionNode = FALSE
	EndGlobalSection
	GlobalSection(ExtensibilityGlobals) = postSolution
		SolutionGuid = {634C965D-B085-4324-AD6D-35AC3E9C82CD}
	EndGlobalSection
EndGlobal
